# THIS IS AN AUTOGENERATED FILE. DO NOT EDIT THIS FILE DIRECTLY.
# yarn lockfile v1


cedict-lookup@^0.0.2:
  version "0.0.2"
  resolved "https://registry.yarnpkg.com/cedict-lookup/-/cedict-lookup-0.0.2.tgz#197e8ecaa04936a9499f73d99496a98b110e814b"

commander@^2.14.1:
  version "2.14.1"
  resolved "https://registry.yarnpkg.com/commander/-/commander-2.14.1.tgz#2235123e37af8ca3c65df45b026dbd357b01b9aa"

commander@~1.1.1:
  version "1.1.1"
  resolved "https://registry.yarnpkg.com/commander/-/commander-1.1.1.tgz#50d1651868ae60eccff0a2d9f34595376bc6b041"
  dependencies:
    keypress "0.1.x"

csv-generate@^2.0.0:
  version "2.0.2"
  resolved "https://registry.yarnpkg.com/csv-generate/-/csv-generate-2.0.2.tgz#1c26c52be318f1f0b6435f8df3d1249fb1503f4b"

csv-parse@^2.0.0:
  version "2.0.4"
  resolved "https://registry.yarnpkg.com/csv-parse/-/csv-parse-2.0.4.tgz#5b469596766ee07f2cbd71aced7ae76b3c73c901"

csv-stringify@^2.0.0:
  version "2.0.4"
  resolved "https://registry.yarnpkg.com/csv-stringify/-/csv-stringify-2.0.4.tgz#9ace220df98ffa7ca91314ac77ff8cba0a08c863"
  dependencies:
    lodash.get "~4.4.2"

csv@^2.0.0:
  version "2.0.0"
  resolved "https://registry.yarnpkg.com/csv/-/csv-2.0.0.tgz#0d51d8fa3ece278b5409f795717fcfcd5ace9b3e"
  dependencies:
    csv-generate "^2.0.0"
    csv-parse "^2.0.0"
    csv-stringify "^2.0.0"
    stream-transform "^1.0.0"

keypress@0.1.x:
  version "0.1.0"
  resolved "https://registry.yarnpkg.com/keypress/-/keypress-0.1.0.tgz#4a3188d4291b66b4f65edb99f806aa9ae293592a"

lodash.get@~4.4.2:
  version "4.4.2"
  resolved "https://registry.yarnpkg.com/lodash.get/-/lodash.get-4.4.2.tgz#2d177f652fa31e939b4438d5341499dfa3825e99"

nan@~2.3.0:
  version "2.3.5"
  resolved "https://registry.yarnpkg.com/nan/-/nan-2.3.5.tgz#822a0dc266290ce4cd3a12282ca3e7e364668a08"

nodejieba@^2.2.1:
  version "2.2.5"
  resolved "https://registry.yarnpkg.com/nodejieba/-/nodejieba-2.2.5.tgz#821441a683fad25ebd2c8dde1401dd43dbeb027a"
  dependencies:
    nan "~2.3.0"

object-assign@^4.0.1:
  version "4.1.1"
  resolved "https://registry.yarnpkg.com/object-assign/-/object-assign-4.1.1.tgz#2109adc7965887cfc05cbbd442cac8bfbb360863"

pinyin@^2.8.3:
  version "2.8.3"
  resolved "https://registry.yarnpkg.com/pinyin/-/pinyin-2.8.3.tgz#301ccb4358ccfe802523c4bd640a612bee4d7c4b"
  dependencies:
    commander "~1.1.1"
    object-assign "^4.0.1"
  optionalDependencies:
    nodejieba "^2.2.1"

stream-transform@^1.0.0:
  version "1.0.2"
  resolved "https://registry.yarnpkg.com/stream-transform/-/stream-transform-1.0.2.tgz#47de4d15fbc29b7e2a7e54d25e99538876f114c1"
